
Microsoft Visual Studio Solution File, Format Version 12.00
# Visual Studio Version 16
VisualStudioVersion = 16.0.31321.278
MinimumVisualStudioVersion = 10.0.40219.1
Project("{8BC9CEB8-8B4A-11D0-8D11-00A0C91BC942}") = "Project_210616", "Project_210616.vcxproj", "{F9A37853-11F0-45EF-945F-60FDBC439907}"
EndProject
Global
	GlobalSection(SolutionConfigurationPlatforms) = preSolution
		Debug|x64 = Debug|x64
		Debug|x86 = Debug|x86
		Release|x64 = Release|x64
		Release|x86 = Release|x86
	EndGlobalSection
	GlobalSection(ProjectConfigurationPlatforms) = postSolution
		{F9A37853-11F0-45EF-945F-60FDBC439907}.Debug|x64.ActiveCfg = Debug|x64
		{F9A37853-11F0-45EF-945F-60FDBC439907}.Debug|x64.Build.0 = Debug|x64
		{F9A37853-11F0-45EF-945F-60FDBC439907}.Debug|x86.ActiveCfg = Debug|Win32
		{F9A37853-11F0-45EF-945F-60FDBC439907}.Debug|x86.Build.0 = Debug|Win32
		{F9A37853-11F0-45EF-945F-60FDBC439907}.Release|x64.ActiveCfg = Release|x64
		{F9A37853-11F0-45EF-945F-60FDBC439907}.Release|x64.Build.0 = Release|x64
		{F9A37853-11F0-45EF-945F-60FDBC439907}.Release|x86.ActiveCfg = Release|Win32
		{F9A37853-11F0-45EF-945F-60FDBC439907}.Release|x86.Build.0 = Release|Win32
	EndGlobalSection
	GlobalSection(SolutionProperties) = preSolution
		HideSolutionNode = FALSE
	EndGlobalSection
	GlobalSection(ExtensibilityGlobals) = postSolution
		SolutionGuid = {77CC021A-E12A-4D17-98DC-284D854CBCCA}
	EndGlobalSection
EndGlobal
